
Microsoft Visual Studio Solution File, Format Version 12.00
# Visual Studio Version 17
VisualStudioVersion = 17.9.34701.34
MinimumVisualStudioVersion = 10.0.40219.1
Project("{9A19103F-16F7-4668-BE54-9A1E7A4F7556}") = "SolidTech.Presentation", "SolidTech.Presentation\SolidTech.Presentation.csproj", "{BBF46850-81B1-4AB9-A8FB-FFA09BC326B7}"
EndProject
Project("{FAE04EC0-301F-11D3-BF4B-00C04F79EFBC}") = "SolidTech.Data", "SolidTech.Data\SolidTech.Data.csproj", "{038565F5-0E93-49E9-A0A3-3597CE15FF7A}"
EndProject
Project("{FAE04EC0-301F-11D3-BF4B-00C04F79EFBC}") = "SolidTech.Business", "SolidTech.Business\SolidTech.Business.csproj", "{C55F67FB-8572-4A93-9C8C-2CBFBC5FA7AC}"
EndProject
Global
	GlobalSection(SolutionConfigurationPlatforms) = preSolution
		Debug|Any CPU = Debug|Any CPU
		Release|Any CPU = Release|Any CPU
	EndGlobalSection
	GlobalSection(ProjectConfigurationPlatforms) = postSolution
		{BBF46850-81B1-4AB9-A8FB-FFA09BC326B7}.Debug|Any CPU.ActiveCfg = Debug|Any CPU
		{BBF46850-81B1-4AB9-A8FB-FFA09BC326B7}.Debug|Any CPU.Build.0 = Debug|Any CPU
		{BBF46850-81B1-4AB9-A8FB-FFA09BC326B7}.Release|Any CPU.ActiveCfg = Release|Any CPU
		{BBF46850-81B1-4AB9-A8FB-FFA09BC326B7}.Release|Any CPU.Build.0 = Release|Any CPU
		{038565F5-0E93-49E9-A0A3-3597CE15FF7A}.Debug|Any CPU.ActiveCfg = Debug|Any CPU
		{038565F5-0E93-49E9-A0A3-3597CE15FF7A}.Debug|Any CPU.Build.0 = Debug|Any CPU
		{038565F5-0E93-49E9-A0A3-3597CE15FF7A}.Release|Any CPU.ActiveCfg = Release|Any CPU
		{038565F5-0E93-49E9-A0A3-3597CE15FF7A}.Release|Any CPU.Build.0 = Release|Any CPU
		{C55F67FB-8572-4A93-9C8C-2CBFBC5FA7AC}.Debug|Any CPU.ActiveCfg = Debug|Any CPU
		{C55F67FB-8572-4A93-9C8C-2CBFBC5FA7AC}.Debug|Any CPU.Build.0 = Debug|Any CPU
		{C55F67FB-8572-4A93-9C8C-2CBFBC5FA7AC}.Release|Any CPU.ActiveCfg = Release|Any CPU
		{C55F67FB-8572-4A93-9C8C-2CBFBC5FA7AC}.Release|Any CPU.Build.0 = Release|Any CPU
	EndGlobalSection
	GlobalSection(SolutionProperties) = preSolution
		HideSolutionNode = FALSE
	EndGlobalSection
	GlobalSection(ExtensibilityGlobals) = postSolution
		SolutionGuid = {A8C0C16B-3C6A-4E46-9E0D-1B76C5DAAC0E}
	EndGlobalSection
EndGlobal
